
Microsoft Visual Studio Solution File, Format Version 12.00
# Visual Studio 2012
Project("{FAE04EC0-301F-11D3-BF4B-00C04F79EFBC}") = "DaysTillBachFest", "DaysTillBachFest\DaysTillBachFest.csproj", "{F327B366-CD9D-48CC-AD20-C434554EA8B8}"
EndProject
Global
	GlobalSection(SolutionConfigurationPlatforms) = preSolution
		Debug|Any CPU = Debug|Any CPU
		Release|Any CPU = Release|Any CPU
	EndGlobalSection
	GlobalSection(ProjectConfigurationPlatforms) = postSolution
		{F327B366-CD9D-48CC-AD20-C434554EA8B8}.Debug|Any CPU.ActiveCfg = Debug|Any CPU
		{F327B366-CD9D-48CC-AD20-C434554EA8B8}.Debug|Any CPU.Build.0 = Debug|Any CPU
		{F327B366-CD9D-48CC-AD20-C434554EA8B8}.Release|Any CPU.ActiveCfg = Release|Any CPU
		{F327B366-CD9D-48CC-AD20-C434554EA8B8}.Release|Any CPU.Build.0 = Release|Any CPU
	EndGlobalSection
	GlobalSection(SolutionProperties) = preSolution
		HideSolutionNode = FALSE
	EndGlobalSection
EndGlobal
